// !$*UTF8*$!
{
	archiveVersion = 1;
	classes = {
	};
	objectVersion = 46;
	objects = {

/* Begin PBXBuildFile section */
		F5EAE9F41AE69BFB006525C6 /* Foundation.framework in Frameworks */ = {isa = PBXBuildFile; fileRef = F5EAE9F31AE69BFB006525C6 /* Foundation.framework */; };
		F5EAE9F61AE69BFB006525C6 /* CoreGraphics.framework in Frameworks */ = {isa = PBXBuildFile; fileRef = F5EAE9F51AE69BFB006525C6 /* CoreGraphics.framework */; };
		F5EAE9F81AE69BFB006525C6 /* UIKit.framework in Frameworks */ = {isa = PBXBuildFile; fileRef = F5EAE9F71AE69BFB006525C6 /* UIKit.framework */; };
		F5EAE9FE1AE69BFB006525C6 /* InfoPlist.strings in Resources */ = {isa = PBXBuildFile; fileRef = F5EAE9FC1AE69BFB006525C6 /* InfoPlist.strings */; };
		F5EAEA001AE69BFB006525C6 /* main.m in Sources */ = {isa = PBXBuildFile; fileRef = F5EAE9FF1AE69BFB006525C6 /* main.m */; };
		F5EAEA041AE69BFB006525C6 /* AppDelegate.m in Sources */ = {isa = PBXBuildFile; fileRef = F5EAEA031AE69BFB006525C6 /* AppDelegate.m */; };
		F5EAEA071AE69BFB006525C6 /* Main.storyboard in Resources */ = {isa = PBXBuildFile; fileRef = F5EAEA051AE69BFB006525C6 /* Main.storyboard */; };
		F5EAEA0A1AE69BFB006525C6 /* ViewController.m in Sources */ = {isa = PBXBuildFile; fileRef = F5EAEA091AE69BFB006525C6 /* ViewController.m */; };
		F5EAEA0C1AE69BFC006525C6 /* Images.xcassets in Resources */ = {isa = PBXBuildFile; fileRef = F5EAEA0B1AE69BFC006525C6 /* Images.xcassets */; };
		F5EAEA131AE69BFC006525C6 /* XCTest.framework in Frameworks */ = {isa = PBXBuildFile; fileRef = F5EAEA121AE69BFC006525C6 /* XCTest.framework */; };
		F5EAEA141AE69BFC006525C6 /* Foundation.framework in Frameworks */ = {isa = PBXBuildFile; fileRef = F5EAE9F31AE69BFB006525C6 /* Foundation.framework */; };
		F5EAEA151AE69BFC006525C6 /* UIKit.framework in Frameworks */ = {isa = PBXBuildFile; fileRef = F5EAE9F71AE69BFB006525C6 /* UIKit.framework */; };
		F5EAEA1D1AE69BFC006525C6 /* InfoPlist.strings in Resources */ = {isa = PBXBuildFile; fileRef = F5EAEA1B1AE69BFC006525C6 /* InfoPlist.strings */; };
		F5EAEA1F1AE69BFC006525C6 /* Constructing_and_Using_Table_ViewsTests.m in Sources */ = {isa = PBXBuildFile; fileRef = F5EAEA1E1AE69BFC006525C6 /* Constructing_and_Using_Table_ViewsTests.m */; };
/* End PBXBuildFile section */

/* Begin PBXContainerItemProxy section */
		F5EAEA161AE69BFC006525C6 /* PBXContainerItemProxy */ = {
			isa = PBXContainerItemProxy;
			containerPortal = F5EAE9E81AE69BFB006525C6 /* Project object */;
			proxyType = 1;
			remoteGlobalIDString = F5EAE9EF1AE69BFB006525C6;
			remoteInfo = "Constructing and Using Table Views";
		};
/* End PBXContainerItemProxy section */

/* Begin PBXFileReference section */
		F5EAE9F01AE69BFB006525C6 /* Constructing and Using Table Views.app */ = {isa = PBXFileReference; explicitFileType = wrapper.application; includeInIndex = 0; path = "Constructing and Using Table Views.app"; sourceTree = BUILT_PRODUCTS_DIR; };
		F5EAE9F31AE69BFB006525C6 /* Foundation.framework */ = {isa = PBXFileReference; lastKnownFileType = wrapper.framework; name = Foundation.framework; path = System/Library/Frameworks/Foundation.framework; sourceTree = SDKROOT; };
		F5EAE9F51AE69BFB006525C6 /* CoreGraphics.framework */ = {isa = PBXFileReference; lastKnownFileType = wrapper.framework; name = CoreGraphics.framework; path = System/Library/Frameworks/CoreGraphics.framework; sourceTree = SDKROOT; };
		F5EAE9F71AE69BFB006525C6 /* UIKit.framework */ = {isa = PBXFileReference; lastKnownFileType = wrapper.framework; name = UIKit.framework; path = System/Library/Frameworks/UIKit.framework; sourceTree = SDKROOT; };
		F5EAE9FB1AE69BFB006525C6 /* Constructing and Using Table Views-Info.plist */ = {isa = PBXFileReference; lastKnownFileType = text.plist.xml; path = "Constructing and Using Table Views-Info.plist"; sourceTree = "<group>"; };
		F5EAE9FD1AE69BFB006525C6 /* en */ = {isa = PBXFileReference; lastKnownFileType = text.plist.strings; name = en; path = en.lproj/InfoPlist.strings; sourceTree = "<group>"; };
		F5EAE9FF1AE69BFB006525C6 /* main.m */ = {isa = PBXFileReference; lastKnownFileType = sourcecode.c.objc; path = main.m; sourceTree = "<group>"; };
		F5EAEA011AE69BFB006525C6 /* Constructing and Using Table Views-Prefix.pch */ = {isa = PBXFileReference; lastKnownFileType = sourcecode.c.h; path = "Constructing and Using Table Views-Prefix.pch"; sourceTree = "<group>"; };
		F5EAEA021AE69BFB006525C6 /* AppDelegate.h */ = {isa = PBXFileReference; lastKnownFileType = sourcecode.c.h; path = AppDelegate.h; sourceTree = "<group>"; };
		F5EAEA031AE69BFB006525C6 /* AppDelegate.m */ = {isa = PBXFileReference; lastKnownFileType = sourcecode.c.objc; path = AppDelegate.m; sourceTree = "<group>"; };
		F5EAEA061AE69BFB006525C6 /* Base */ = {isa = PBXFileReference; lastKnownFileType = file.storyboard; name = Base; path = Base.lproj/Main.storyboard; sourceTree = "<group>"; };
		F5EAEA081AE69BFB006525C6 /* ViewController.h */ = {isa = PBXFileReference; lastKnownFileType = sourcecode.c.h; path = ViewController.h; sourceTree = "<group>"; };
		F5EAEA091AE69BFB006525C6 /* ViewController.m */ = {isa = PBXFileReference; lastKnownFileType = sourcecode.c.objc; path = ViewController.m; sourceTree = "<group>"; };
		F5EAEA0B1AE69BFC006525C6 /* Images.xcassets */ = {isa = PBXFileReference; lastKnownFileType = folder.assetcatalog; path = Images.xcassets; sourceTree = "<group>"; };
		F5EAEA111AE69BFC006525C6 /* Constructing and Using Table ViewsTests.xctest */ = {isa = PBXFileReference; explicitFileType = wrapper.cfbundle; includeInIndex = 0; path = "Constructing and Using Table ViewsTests.xctest"; sourceTree = BUILT_PRODUCTS_DIR; };
		F5EAEA121AE69BFC006525C6 /* XCTest.framework */ = {isa = PBXFileReference; lastKnownFileType = wrapper.framework; name = XCTest.framework; path = Library/Frameworks/XCTest.framework; sourceTree = DEVELOPER_DIR; };
		F5EAEA1A1AE69BFC006525C6 /* Constructing and Using Table ViewsTests-Info.plist */ = {isa = PBXFileReference; lastKnownFileType = text.plist.xml; path = "Constructing and Using Table ViewsTests-Info.plist"; sourceTree = "<group>"; };
		F5EAEA1C1AE69BFC006525C6 /* en */ = {isa = PBXFileReference; lastKnownFileType = text.plist.strings; name = en; path = en.lproj/InfoPlist.strings; sourceTree = "<group>"; };
		F5EAEA1E1AE69BFC006525C6 /* Constructing_and_Using_Table_ViewsTests.m */ = {isa = PBXFileReference; lastKnownFileType = sourcecode.c.objc; path = Constructing_and_Using_Table_ViewsTests.m; sourceTree = "<group>"; };
/* End PBXFileReference section */

/* Begin PBXFrameworksBuildPhase section */
		F5EAE9ED1AE69BFB006525C6 /* Frameworks */ = {
			isa = PBXFrameworksBuildPhase;
			buildActionMask = 2147483647;
			files = (
				F5EAE9F61AE69BFB006525C6 /* CoreGraphics.framework in Frameworks */,
				F5EAE9F81AE69BFB006525C6 /* UIKit.framework in Frameworks */,
				F5EAE9F41AE69BFB006525C6 /* Foundation.framework in Frameworks */,
			);
			runOnlyForDeploymentPostprocessing = 0;
		};
		F5EAEA0E1AE69BFC006525C6 /* Frameworks */ = {
			isa = PBXFrameworksBuildPhase;
			buildActionMask = 2147483647;
			files = (
				F5EAEA131AE69BFC006525C6 /* XCTest.framework in Frameworks */,
				F5EAEA151AE69BFC006525C6 /* UIKit.framework in Frameworks */,
				F5EAEA141AE69BFC006525C6 /* Foundation.framework in Frameworks */,
			);
			runOnlyForDeploymentPostprocessing = 0;
		};
/* End PBXFrameworksBuildPhase section */

/* Begin PBXGroup section */
		F5EAE9E71AE69BFB006525C6 = {
			isa = PBXGroup;
			children = (
				F5EAE9F91AE69BFB006525C6 /* Constructing and Using Table Views */,
				F5EAEA181AE69BFC006525C6 /* Constructing and Using Table ViewsTests */,
				F5EAE9F21AE69BFB006525C6 /* Frameworks */,
				F5EAE9F11AE69BFB006525C6 /* Products */,
			);
			sourceTree = "<group>";
		};
		F5EAE9F11AE69BFB006525C6 /* Products */ = {
			isa = PBXGroup;
			children = (
				F5EAE9F01AE69BFB006525C6 /* Constructing and Using Table Views.app */,
				F5EAEA111AE69BFC006525C6 /* Constructing and Using Table ViewsTests.xctest */,
			);
			name = Products;
			sourceTree = "<group>";
		};
		F5EAE9F21AE69BFB006525C6 /* Frameworks */ = {
			isa = PBXGroup;
			children = (
				F5EAE9F31AE69BFB006525C6 /* Foundation.framework */,
				F5EAE9F51AE69BFB006525C6 /* CoreGraphics.framework */,
				F5EAE9F71AE69BFB006525C6 /* UIKit.framework */,
				F5EAEA121AE69BFC006525C6 /* XCTest.framework */,
			);
			name = Frameworks;
			sourceTree = "<group>";
		};
		F5EAE9F91AE69BFB006525C6 /* Constructing and Using Table Views */ = {
			isa = PBXGroup;
			children = (
				F5EAEA021AE69BFB006525C6 /* AppDelegate.h */,
				F5EAEA031AE69BFB006525C6 /* AppDelegate.m */,
				F5EAEA051AE69BFB006525C6 /* Main.storyboard */,
				F5EAEA081AE69BFB006525C6 /* ViewController.h */,
				F5EAEA091AE69BFB006525C6 /* ViewController.m */,
				F5EAEA0B1AE69BFC006525C6 /* Images.xcassets */,
				F5EAE9FA1AE69BFB006525C6 /* Supporting Files */,
			);
			path = "Constructing and Using Table Views";
			sourceTree = "<group>";
		};
		F5EAE9FA1AE69BFB006525C6 /* Supporting Files */ = {
			isa = PBXGroup;
			children = (
				F5EAE9FB1AE69BFB006525C6 /* Constructing and Using Table Views-Info.plist */,
				F5EAE9FC1AE69BFB006525C6 /* InfoPlist.strings */,
				F5EAE9FF1AE69BFB006525C6 /* main.m */,
				F5EAEA011AE69BFB006525C6 /* Constructing and Using Table Views-Prefix.pch */,
			);
			name = "Supporting Files";
			sourceTree = "<group>";
		};
		F5EAEA181AE69BFC006525C6 /* Constructing and Using Table ViewsTests */ = {
			isa = PBXGroup;
			children = (
				F5EAEA1E1AE69BFC006525C6 /* Constructing_and_Using_Table_ViewsTests.m */,
				F5EAEA191AE69BFC006525C6 /* Supporting Files */,
			);
			path = "Constructing and Using Table ViewsTests";
			sourceTree = "<group>";
		};
		F5EAEA191AE69BFC006525C6 /* Supporting Files */ = {
			isa = PBXGroup;
			children = (
				F5EAEA1A1AE69BFC006525C6 /* Constructing and Using Table ViewsTests-Info.plist */,
				F5EAEA1B1AE69BFC006525C6 /* InfoPlist.strings */,
			);
			name = "Supporting Files";
			sourceTree = "<group>";
		};
/* End PBXGroup section */

/* Begin PBXNativeTarget section */
		F5EAE9EF1AE69BFB006525C6 /* Constructing and Using Table Views */ = {
			isa = PBXNativeTarget;
			buildConfigurationList = F5EAEA221AE69BFC006525C6 /* Build configuration list for PBXNativeTarget "Constructing and Using Table Views" */;
			buildPhases = (
				F5EAE9EC1AE69BFB006525C6 /* Sources */,
				F5EAE9ED1AE69BFB006525C6 /* Frameworks */,
				F5EAE9EE1AE69BFB006525C6 /* Resources */,
			);
			buildRules = (
			);
			dependencies = (
			);
			name = "Constructing and Using Table Views";
			productName = "Constructing and Using Table Views";
			productReference = F5EAE9F01AE69BFB006525C6 /* Constructing and Using Table Views.app */;
			productType = "com.apple.product-type.application";
		};
		F5EAEA101AE69BFC006525C6 /* Constructing and Using Table ViewsTests */ = {
			isa = PBXNativeTarget;
			buildConfigurationList = F5EAEA251AE69BFC006525C6 /* Build configuration list for PBXNativeTarget "Constructing and Using Table ViewsTests" */;
			buildPhases = (
				F5EAEA0D1AE69BFC006525C6 /* Sources */,
				F5EAEA0E1AE69BFC006525C6 /* Frameworks */,
				F5EAEA0F1AE69BFC006525C6 /* Resources */,
			);
			buildRules = (
			);
			dependencies = (
				F5EAEA171AE69BFC006525C6 /* PBXTargetDependency */,
			);
			name = "Constructing and Using Table ViewsTests";
			productName = "Constructing and Using Table ViewsTests";
			productReference = F5EAEA111AE69BFC006525C6 /* Constructing and Using Table ViewsTests.xctest */;
			productType = "com.apple.product-type.bundle.unit-test";
		};
/* End PBXNativeTarget section */

/* Begin PBXProject section */
		F5EAE9E81AE69BFB006525C6 /* Project object */ = {
			isa = PBXProject;
			attributes = {
				LastUpgradeCheck = 0510;
				ORGANIZATIONNAME = abc;
				TargetAttributes = {
					F5EAEA101AE69BFC006525C6 = {
						TestTargetID = F5EAE9EF1AE69BFB006525C6;
					};
				};
			};
			buildConfigurationList = F5EAE9EB1AE69BFB006525C6 /* Build configuration list for PBXProject "Constructing and Using Table Views" */;
			compatibilityVersion = "Xcode 3.2";
			developmentRegion = English;
			hasScannedForEncodings = 0;
			knownRegions = (
				en,
				Base,
			);
			mainGroup = F5EAE9E71AE69BFB006525C6;
			productRefGroup = F5EAE9F11AE69BFB006525C6 /* Products */;
			projectDirPath = "";
			projectRoot = "";
			targets = (
				F5EAE9EF1AE69BFB006525C6 /* Constructing and Using Table Views */,
				F5EAEA101AE69BFC006525C6 /* Constructing and Using Table ViewsTests */,
			);
		};
/* End PBXProject section */

/* Begin PBXResourcesBuildPhase section */
		F5EAE9EE1AE69BFB006525C6 /* Resources */ = {
			isa = PBXResourcesBuildPhase;
			buildActionMask = 2147483647;
			files = (
				F5EAEA0C1AE69BFC006525C6 /* Images.xcassets in Resources */,
				F5EAE9FE1AE69BFB006525C6 /* InfoPlist.strings in Resources */,
				F5EAEA071AE69BFB006525C6 /* Main.storyboard in Resources */,
			);
			runOnlyForDeploymentPostprocessing = 0;
		};
		F5EAEA0F1AE69BFC006525C6 /* Resources */ = {
			isa = PBXResourcesBuildPhase;
			buildActionMask = 2147483647;
			files = (
				F5EAEA1D1AE69BFC006525C6 /* InfoPlist.strings in Resources */,
			);
			runOnlyForDeploymentPostprocessing = 0;
		};
/* End PBXResourcesBuildPhase section */

/* Begin PBXSourcesBuildPhase section */
		F5EAE9EC1AE69BFB006525C6 /* Sources */ = {
			isa = PBXSourcesBuildPhase;
			buildActionMask = 2147483647;
			files = (
				F5EAEA0A1AE69BFB006525C6 /* ViewController.m in Sources */,
				F5EAEA041AE69BFB006525C6 /* AppDelegate.m in Sources */,
				F5EAEA001AE69BFB006525C6 /* main.m in Sources */,
			);
			runOnlyForDeploymentPostprocessing = 0;
		};
		F5EAEA0D1AE69BFC006525C6 /* Sources */ = {
			isa = PBXSourcesBuildPhase;
			buildActionMask = 2147483647;
			files = (
				F5EAEA1F1AE69BFC006525C6 /* Constructing_and_Using_Table_ViewsTests.m in Sources */,
			);
			runOnlyForDeploymentPostprocessing = 0;
		};
/* End PBXSourcesBuildPhase section */

/* Begin PBXTargetDependency section */
		F5EAEA171AE69BFC006525C6 /* PBXTargetDependency */ = {
			isa = PBXTargetDependency;
			target = F5EAE9EF1AE69BFB006525C6 /* Constructing and Using Table Views */;
			targetProxy = F5EAEA161AE69BFC006525C6 /* PBXContainerItemProxy */;
		};
/* End PBXTargetDependency section */

/* Begin PBXVariantGroup section */
		F5EAE9FC1AE69BFB006525C6 /* InfoPlist.strings */ = {
			isa = PBXVariantGroup;
			children = (
				F5EAE9FD1AE69BFB006525C6 /* en */,
			);
			name = InfoPlist.strings;
			sourceTree = "<group>";
		};
		F5EAEA051AE69BFB006525C6 /* Main.storyboard */ = {
			isa = PBXVariantGroup;
			children = (
				F5EAEA061AE69BFB006525C6 /* Base */,
			);
			name = Main.storyboard;
			sourceTree = "<group>";
		};
		F5EAEA1B1AE69BFC006525C6 /* InfoPlist.strings */ = {
			isa = PBXVariantGroup;
			children = (
				F5EAEA1C1AE69BFC006525C6 /* en */,
			);
			name = InfoPlist.strings;
			sourceTree = "<group>";
		};
/* End PBXVariantGroup section */

/* Begin XCBuildConfiguration section */
		F5EAEA201AE69BFC006525C6 /* Debug */ = {
			isa = XCBuildConfiguration;
			buildSettings = {
				ALWAYS_SEARCH_USER_PATHS = NO;
				CLANG_CXX_LANGUAGE_STANDARD = "gnu++0x";
				CLANG_CXX_LIBRARY = "libc++";
				CLANG_ENABLE_MODULES = YES;
				CLANG_ENABLE_OBJC_ARC = YES;
				CLANG_WARN_BOOL_CONVERSION = YES;
				CLANG_WARN_CONSTANT_CONVERSION = YES;
				CLANG_WARN_DIRECT_OBJC_ISA_USAGE = YES_ERROR;
				CLANG_WARN_EMPTY_BODY = YES;
				CLANG_WARN_ENUM_CONVERSION = YES;
				CLANG_WARN_INT_CONVERSION = YES;
				CLANG_WARN_OBJC_ROOT_CLASS = YES_ERROR;
				CLANG_WARN__DUPLICATE_METHOD_MATCH = YES;
				"CODE_SIGN_IDENTITY[sdk=iphoneos*]" = "iPhone Developer";
				COPY_PHASE_STRIP = NO;
				GCC_C_LANGUAGE_STANDARD = gnu99;
				GCC_DYNAMIC_NO_PIC = NO;
				GCC_OPTIMIZATION_LEVEL = 0;
				GCC_PREPROCESSOR_DEFINITIONS = (
					"DEBUG=1",
					"$(inherited)",
				);
				GCC_SYMBOLS_PRIVATE_EXTERN = NO;
				GCC_WARN_64_TO_32_BIT_CONVERSION = YES;
				GCC_WARN_ABOUT_RETURN_TYPE = YES_ERROR;
				GCC_WARN_UNDECLARED_SELECTOR = YES;
				GCC_WARN_UNINITIALIZED_AUTOS = YES_AGGRESSIVE;
				GCC_WARN_UNUSED_FUNCTION = YES;
				GCC_WARN_UNUSED_VARIABLE = YES;
				IPHONEOS_DEPLOYMENT_TARGET = 7.1;
				ONLY_ACTIVE_ARCH = YES;
				SDKROOT = iphoneos;
			};
			name = Debug;
		};
		F5EAEA211AE69BFC006525C6 /* Release */ = {
			isa = XCBuildConfiguration;
			buildSettings = {
				ALWAYS_SEARCH_USER_PATHS = NO;
				CLANG_CXX_LANGUAGE_STANDARD = "gnu++0x";
				CLANG_CXX_LIBRARY = "libc++";
				CLANG_ENABLE_MODULES = YES;
				CLANG_ENABLE_OBJC_ARC = YES;
				CLANG_WARN_BOOL_CONVERSION = YES;
				CLANG_WARN_CONSTANT_CONVERSION = YES;
				CLANG_WARN_DIRECT_OBJC_ISA_USAGE = YES_ERROR;
				CLANG_WARN_EMPTY_BODY = YES;
				CLANG_WARN_ENUM_CONVERSION = YES;
				CLANG_WARN_INT_CONVERSION = YES;
				CLANG_WARN_OBJC_ROOT_CLASS = YES_ERROR;
				CLANG_WARN__DUPLICATE_METHOD_MATCH = YES;
				"CODE_SIGN_IDENTITY[sdk=iphoneos*]" = "iPhone Developer";
				COPY_PHASE_STRIP = YES;
				ENABLE_NS_ASSERTIONS = NO;
				GCC_C_LANGUAGE_STANDARD = gnu99;
				GCC_WARN_64_TO_32_BIT_CONVERSION = YES;
				GCC_WARN_ABOUT_RETURN_TYPE = YES_ERROR;
				GCC_WARN_UNDECLARED_SELECTOR = YES;
				GCC_WARN_UNINITIALIZED_AUTOS = YES_AGGRESSIVE;
				GCC_WARN_UNUSED_FUNCTION = YES;
				GCC_WARN_UNUSED_VARIABLE = YES;
				IPHONEOS_DEPLOYMENT_TARGET = 7.1;
				SDKROOT = iphoneos;
				VALIDATE_PRODUCT = YES;
			};
			name = Release;
		};
		F5EAEA231AE69BFC006525C6 /* Debug */ = {
			isa = XCBuildConfiguration;
			buildSettings = {
				ASSETCATALOG_COMPILER_APPICON_NAME = AppIcon;
				ASSETCATALOG_COMPILER_LAUNCHIMAGE_NAME = LaunchImage;
				GCC_PRECOMPILE_PREFIX_HEADER = YES;
				GCC_PREFIX_HEADER = "Constructing and Using Table Views/Constructing and Using Table Views-Prefix.pch";
				INFOPLIST_FILE = "Constructing and Using Table Views/Constructing and Using Table Views-Info.plist";
				PRODUCT_NAME = "$(TARGET_NAME)";
				WRAPPER_EXTENSION = app;
			};
			name = Debug;
		};
		F5EAEA241AE69BFC006525C6 /* Release */ = {
			isa = XCBuildConfiguration;
			buildSettings = {
				ASSETCATALOG_COMPILER_APPICON_NAME = AppIcon;
				ASSETCATALOG_COMPILER_LAUNCHIMAGE_NAME = LaunchImage;
				GCC_PRECOMPILE_PREFIX_HEADER = YES;
				GCC_PREFIX_HEADER = "Constructing and Using Table Views/Constructing and Using Table Views-Prefix.pch";
				INFOPLIST_FILE = "Constructing and Using Table Views/Constructing and Using Table Views-Info.plist";
				PRODUCT_NAME = "$(TARGET_NAME)";
				WRAPPER_EXTENSION = app;
			};
			name = Release;
		};
		F5EAEA261AE69BFC006525C6 /* Debug */ = {
			isa = XCBuildConfiguration;
			buildSettings = {
				BUNDLE_LOADER = "$(BUILT_PRODUCTS_DIR)/Constructing and Using Table Views.app/Constructing and Using Table Views";
				FRAMEWORK_SEARCH_PATHS = (
					"$(SDKROOT)/Developer/Library/Frameworks",
					"$(inherited)",
					"$(DEVELOPER_FRAMEWORKS_DIR)",
				);
				GCC_PRECOMPILE_PREFIX_HEADER = YES;
				GCC_PREFIX_HEADER = "Constructing and Using Table Views/Constructing and Using Table Views-Prefix.pch";
				GCC_PREPROCESSOR_DEFINITIONS = (
					"DEBUG=1",
					"$(inherited)",
				);
				INFOPLIST_FILE = "Constructing and Using Table ViewsTests/Constructing and Using Table ViewsTests-Info.plist";
				PRODUCT_NAME = "$(TARGET_NAME)";
				TEST_HOST = "$(BUNDLE_LOADER)";
				WRAPPER_EXTENSION = xctest;
			};
			name = Debug;
		};
		F5EAEA271AE69BFC006525C6 /* Release */ = {
			isa = XCBuildConfiguration;
			buildSettings = {
				BUNDLE_LOADER = "$(BUILT_PRODUCTS_DIR)/Constructing and Using Table Views.app/Constructing and Using Table Views";
				FRAMEWORK_SEARCH_PATHS = (
					"$(SDKROOT)/Developer/Library/Frameworks",
					"$(inherited)",
					"$(DEVELOPER_FRAMEWORKS_DIR)",
				);
				GCC_PRECOMPILE_PREFIX_HEADER = YES;
				GCC_PREFIX_HEADER = "Constructing and Using Table Views/Constructing and Using Table Views-Prefix.pch";
				INFOPLIST_FILE = "Constructing and Using Table ViewsTests/Constructing and Using Table ViewsTests-Info.plist";
				PRODUCT_NAME = "$(TARGET_NAME)";
				TEST_HOST = "$(BUNDLE_LOADER)";
				WRAPPER_EXTENSION = xctest;
			};
			name = Release;
		};
/* End XCBuildConfiguration section */

/* Begin XCConfigurationList section */
		F5EAE9EB1AE69BFB006525C6 /* Build configuration list for PBXProject "Constructing and Using Table Views" */ = {
			isa = XCConfigurationList;
			buildConfigurations = (
				F5EAEA201AE69BFC006525C6 /* Debug */,
				F5EAEA211AE69BFC006525C6 /* Release */,
			);
			defaultConfigurationIsVisible = 0;
			defaultConfigurationName = Release;
		};
		F5EAEA221AE69BFC006525C6 /* Build configuration list for PBXNativeTarget "Constructing and Using Table Views" */ = {
			isa = XCConfigurationList;
			buildConfigurations = (
				F5EAEA231AE69BFC006525C6 /* Debug */,
				F5EAEA241AE69BFC006525C6 /* Release */,
			);
			defaultConfigurationIsVisible = 0;
		};
		F5EAEA251AE69BFC006525C6 /* Build configuration list for PBXNativeTarget "Constructing and Using Table ViewsTests" */ = {
			isa = XCConfigurationList;
			buildConfigurations = (
				F5EAEA261AE69BFC006525C6 /* Debug */,
				F5EAEA271AE69BFC006525C6 /* Release */,
			);
			defaultConfigurationIsVisible = 0;
		};
/* End XCConfigurationList section */
	};
	rootObject = F5EAE9E81AE69BFB006525C6 /* Project object */;
}
